
Microsoft Visual Studio Solution File, Format Version 12.00
# Visual Studio Express 15 for Windows Desktop
VisualStudioVersion = 15.0.27703.2047
MinimumVisualStudioVersion = 10.0.40219.1
Project("{FAE04EC0-301F-11D3-BF4B-00C04F79EFBC}") = "Timer", "Timer\Timer.csproj", "{F331EAA1-3CDD-4573-B3EB-037E092080D4}"
EndProject
Global
	GlobalSection(SolutionConfigurationPlatforms) = preSolution
		Debug|Any CPU = Debug|Any CPU
		Release|Any CPU = Release|Any CPU
	EndGlobalSection
	GlobalSection(ProjectConfigurationPlatforms) = postSolution
		{F331EAA1-3CDD-4573-B3EB-037E092080D4}.Debug|Any CPU.ActiveCfg = Debug|Any CPU
		{F331EAA1-3CDD-4573-B3EB-037E092080D4}.Debug|Any CPU.Build.0 = Debug|Any CPU
		{F331EAA1-3CDD-4573-B3EB-037E092080D4}.Release|Any CPU.ActiveCfg = Release|Any CPU
		{F331EAA1-3CDD-4573-B3EB-037E092080D4}.Release|Any CPU.Build.0 = Release|Any CPU
	EndGlobalSection
	GlobalSection(SolutionProperties) = preSolution
		HideSolutionNode = FALSE
	EndGlobalSection
	GlobalSection(ExtensibilityGlobals) = postSolution
		SolutionGuid = {FDECDF64-3F09-4C15-B355-6D20D401F655}
	EndGlobalSection
EndGlobal
