
Microsoft Visual Studio Solution File, Format Version 12.00
# Visual Studio Express 15 for Windows Desktop
VisualStudioVersion = 15.0.27703.2047
MinimumVisualStudioVersion = 10.0.40219.1
Project("{FAE04EC0-301F-11D3-BF4B-00C04F79EFBC}") = "Timers", "Timers\Timers.csproj", "{CFAE4CC3-81F9-4D3E-A2AE-2EDD0EE5B7C0}"
EndProject
Global
	GlobalSection(SolutionConfigurationPlatforms) = preSolution
		Debug|Any CPU = Debug|Any CPU
		Release|Any CPU = Release|Any CPU
	EndGlobalSection
	GlobalSection(ProjectConfigurationPlatforms) = postSolution
		{CFAE4CC3-81F9-4D3E-A2AE-2EDD0EE5B7C0}.Debug|Any CPU.ActiveCfg = Debug|Any CPU
		{CFAE4CC3-81F9-4D3E-A2AE-2EDD0EE5B7C0}.Debug|Any CPU.Build.0 = Debug|Any CPU
		{CFAE4CC3-81F9-4D3E-A2AE-2EDD0EE5B7C0}.Release|Any CPU.ActiveCfg = Release|Any CPU
		{CFAE4CC3-81F9-4D3E-A2AE-2EDD0EE5B7C0}.Release|Any CPU.Build.0 = Release|Any CPU
	EndGlobalSection
	GlobalSection(SolutionProperties) = preSolution
		HideSolutionNode = FALSE
	EndGlobalSection
	GlobalSection(ExtensibilityGlobals) = postSolution
		SolutionGuid = {CFB5A5B7-61F2-44E8-B8C5-B3A52356A094}
	EndGlobalSection
EndGlobal
