
Microsoft Visual Studio Solution File, Format Version 12.00
# Visual Studio Express 15 for Windows Desktop
VisualStudioVersion = 15.0.27703.2047
MinimumVisualStudioVersion = 10.0.40219.1
Project("{FAE04EC0-301F-11D3-BF4B-00C04F79EFBC}") = "UiLibrary", "UiLibrary\UiLibrary.csproj", "{A1549D44-F97C-46E8-A935-E483D8A49719}"
EndProject
Global
	GlobalSection(SolutionConfigurationPlatforms) = preSolution
		Debug|Any CPU = Debug|Any CPU
		Release|Any CPU = Release|Any CPU
	EndGlobalSection
	GlobalSection(ProjectConfigurationPlatforms) = postSolution
		{A1549D44-F97C-46E8-A935-E483D8A49719}.Debug|Any CPU.ActiveCfg = Debug|Any CPU
		{A1549D44-F97C-46E8-A935-E483D8A49719}.Debug|Any CPU.Build.0 = Debug|Any CPU
		{A1549D44-F97C-46E8-A935-E483D8A49719}.Release|Any CPU.ActiveCfg = Release|Any CPU
		{A1549D44-F97C-46E8-A935-E483D8A49719}.Release|Any CPU.Build.0 = Release|Any CPU
	EndGlobalSection
	GlobalSection(SolutionProperties) = preSolution
		HideSolutionNode = FALSE
	EndGlobalSection
	GlobalSection(ExtensibilityGlobals) = postSolution
		SolutionGuid = {2B6AADF3-DF5A-46A5-A44D-B0B521544540}
	EndGlobalSection
EndGlobal
