
Microsoft Visual Studio Solution File, Format Version 12.00
# Visual Studio Express 15 for Windows Desktop
VisualStudioVersion = 15.0.27703.2047
MinimumVisualStudioVersion = 10.0.40219.1
Project("{FAE04EC0-301F-11D3-BF4B-00C04F79EFBC}") = "IncrementAndDecrement", "IncrementAndDecrement\IncrementAndDecrement.csproj", "{091E2A88-D25F-44ED-A0E7-7724A9F9A5A9}"
EndProject
Global
	GlobalSection(SolutionConfigurationPlatforms) = preSolution
		Debug|Any CPU = Debug|Any CPU
		Release|Any CPU = Release|Any CPU
	EndGlobalSection
	GlobalSection(ProjectConfigurationPlatforms) = postSolution
		{091E2A88-D25F-44ED-A0E7-7724A9F9A5A9}.Debug|Any CPU.ActiveCfg = Debug|Any CPU
		{091E2A88-D25F-44ED-A0E7-7724A9F9A5A9}.Debug|Any CPU.Build.0 = Debug|Any CPU
		{091E2A88-D25F-44ED-A0E7-7724A9F9A5A9}.Release|Any CPU.ActiveCfg = Release|Any CPU
		{091E2A88-D25F-44ED-A0E7-7724A9F9A5A9}.Release|Any CPU.Build.0 = Release|Any CPU
	EndGlobalSection
	GlobalSection(SolutionProperties) = preSolution
		HideSolutionNode = FALSE
	EndGlobalSection
	GlobalSection(ExtensibilityGlobals) = postSolution
		SolutionGuid = {F2FFB694-E57B-4A5D-830C-EABF5AC35B26}
	EndGlobalSection
EndGlobal
