
Microsoft Visual Studio Solution File, Format Version 12.00
# Visual Studio Express 15 for Windows Desktop
VisualStudioVersion = 15.0.27703.2047
MinimumVisualStudioVersion = 10.0.40219.1
Project("{FAE04EC0-301F-11D3-BF4B-00C04F79EFBC}") = "GraphicsControllers", "GraphicsControllers\GraphicsControllers.csproj", "{C324DD8F-E3FD-4AE8-9EAE-97C5C03C90FA}"
EndProject
Global
	GlobalSection(SolutionConfigurationPlatforms) = preSolution
		Debug|Any CPU = Debug|Any CPU
		Release|Any CPU = Release|Any CPU
	EndGlobalSection
	GlobalSection(ProjectConfigurationPlatforms) = postSolution
		{C324DD8F-E3FD-4AE8-9EAE-97C5C03C90FA}.Debug|Any CPU.ActiveCfg = Debug|Any CPU
		{C324DD8F-E3FD-4AE8-9EAE-97C5C03C90FA}.Debug|Any CPU.Build.0 = Debug|Any CPU
		{C324DD8F-E3FD-4AE8-9EAE-97C5C03C90FA}.Release|Any CPU.ActiveCfg = Release|Any CPU
		{C324DD8F-E3FD-4AE8-9EAE-97C5C03C90FA}.Release|Any CPU.Build.0 = Release|Any CPU
	EndGlobalSection
	GlobalSection(SolutionProperties) = preSolution
		HideSolutionNode = FALSE
	EndGlobalSection
	GlobalSection(ExtensibilityGlobals) = postSolution
		SolutionGuid = {A1448945-C186-41AD-8E14-BA1D82BB039E}
	EndGlobalSection
EndGlobal
