
Microsoft Visual Studio Solution File, Format Version 12.00
# Visual Studio Express 15 for Windows Desktop
VisualStudioVersion = 15.0.27703.2047
MinimumVisualStudioVersion = 10.0.40219.1
Project("{FAE04EC0-301F-11D3-BF4B-00C04F79EFBC}") = "NetworkManagement", "NetworkManagement\NetworkManagement.csproj", "{1D85624F-362D-48B8-90FF-A1D07315BAAA}"
EndProject
Global
	GlobalSection(SolutionConfigurationPlatforms) = preSolution
		Debug|Any CPU = Debug|Any CPU
		Release|Any CPU = Release|Any CPU
	EndGlobalSection
	GlobalSection(ProjectConfigurationPlatforms) = postSolution
		{1D85624F-362D-48B8-90FF-A1D07315BAAA}.Debug|Any CPU.ActiveCfg = Debug|Any CPU
		{1D85624F-362D-48B8-90FF-A1D07315BAAA}.Debug|Any CPU.Build.0 = Debug|Any CPU
		{1D85624F-362D-48B8-90FF-A1D07315BAAA}.Release|Any CPU.ActiveCfg = Release|Any CPU
		{1D85624F-362D-48B8-90FF-A1D07315BAAA}.Release|Any CPU.Build.0 = Release|Any CPU
	EndGlobalSection
	GlobalSection(SolutionProperties) = preSolution
		HideSolutionNode = FALSE
	EndGlobalSection
	GlobalSection(ExtensibilityGlobals) = postSolution
		SolutionGuid = {A8331728-0557-46E1-8368-4AD0737366A1}
	EndGlobalSection
EndGlobal
