
Microsoft Visual Studio Solution File, Format Version 12.00
# Visual Studio Express 15 for Windows Desktop
VisualStudioVersion = 15.0.27703.2047
MinimumVisualStudioVersion = 10.0.40219.1
Project("{FAE04EC0-301F-11D3-BF4B-00C04F79EFBC}") = "LineGameWithTimer", "LineGameWithTimer\LineGameWithTimer.csproj", "{B736D439-4372-40E2-B284-F8563559978A}"
EndProject
Global
	GlobalSection(SolutionConfigurationPlatforms) = preSolution
		Debug|Any CPU = Debug|Any CPU
		Release|Any CPU = Release|Any CPU
	EndGlobalSection
	GlobalSection(ProjectConfigurationPlatforms) = postSolution
		{B736D439-4372-40E2-B284-F8563559978A}.Debug|Any CPU.ActiveCfg = Debug|Any CPU
		{B736D439-4372-40E2-B284-F8563559978A}.Debug|Any CPU.Build.0 = Debug|Any CPU
		{B736D439-4372-40E2-B284-F8563559978A}.Release|Any CPU.ActiveCfg = Release|Any CPU
		{B736D439-4372-40E2-B284-F8563559978A}.Release|Any CPU.Build.0 = Release|Any CPU
	EndGlobalSection
	GlobalSection(SolutionProperties) = preSolution
		HideSolutionNode = FALSE
	EndGlobalSection
	GlobalSection(ExtensibilityGlobals) = postSolution
		SolutionGuid = {E174C6E0-D9AC-400B-A96F-089D807902DC}
	EndGlobalSection
EndGlobal
