
Microsoft Visual Studio Solution File, Format Version 12.00
# Visual Studio Express 15 for Windows Desktop
VisualStudioVersion = 15.0.27703.2047
MinimumVisualStudioVersion = 10.0.40219.1
Project("{FAE04EC0-301F-11D3-BF4B-00C04F79EFBC}") = "WpfCrud", "WpfCrud\WpfCrud.csproj", "{A7B5952F-EDDD-4039-A61D-0AF0A5283481}"
EndProject
Global
	GlobalSection(SolutionConfigurationPlatforms) = preSolution
		Debug|Any CPU = Debug|Any CPU
		Release|Any CPU = Release|Any CPU
	EndGlobalSection
	GlobalSection(ProjectConfigurationPlatforms) = postSolution
		{A7B5952F-EDDD-4039-A61D-0AF0A5283481}.Debug|Any CPU.ActiveCfg = Debug|Any CPU
		{A7B5952F-EDDD-4039-A61D-0AF0A5283481}.Debug|Any CPU.Build.0 = Debug|Any CPU
		{A7B5952F-EDDD-4039-A61D-0AF0A5283481}.Release|Any CPU.ActiveCfg = Release|Any CPU
		{A7B5952F-EDDD-4039-A61D-0AF0A5283481}.Release|Any CPU.Build.0 = Release|Any CPU
	EndGlobalSection
	GlobalSection(SolutionProperties) = preSolution
		HideSolutionNode = FALSE
	EndGlobalSection
	GlobalSection(ExtensibilityGlobals) = postSolution
		SolutionGuid = {BFE354B0-BA5B-43AB-941C-2C522A4127C7}
	EndGlobalSection
EndGlobal
