
Microsoft Visual Studio Solution File, Format Version 12.00
# Visual Studio Express 15 for Windows Desktop
VisualStudioVersion = 15.0.27703.2047
MinimumVisualStudioVersion = 10.0.40219.1
Project("{FAE04EC0-301F-11D3-BF4B-00C04F79EFBC}") = "DragAndDrop", "DragAndDrop\DragAndDrop.csproj", "{221A835F-0EE9-4BC4-936F-D87B219FBABA}"
EndProject
Global
	GlobalSection(SolutionConfigurationPlatforms) = preSolution
		Debug|Any CPU = Debug|Any CPU
		Release|Any CPU = Release|Any CPU
	EndGlobalSection
	GlobalSection(ProjectConfigurationPlatforms) = postSolution
		{221A835F-0EE9-4BC4-936F-D87B219FBABA}.Debug|Any CPU.ActiveCfg = Debug|Any CPU
		{221A835F-0EE9-4BC4-936F-D87B219FBABA}.Debug|Any CPU.Build.0 = Debug|Any CPU
		{221A835F-0EE9-4BC4-936F-D87B219FBABA}.Release|Any CPU.ActiveCfg = Release|Any CPU
		{221A835F-0EE9-4BC4-936F-D87B219FBABA}.Release|Any CPU.Build.0 = Release|Any CPU
	EndGlobalSection
	GlobalSection(SolutionProperties) = preSolution
		HideSolutionNode = FALSE
	EndGlobalSection
	GlobalSection(ExtensibilityGlobals) = postSolution
		SolutionGuid = {B7EAA9CF-5276-4E56-9DFA-D89E8F373CAB}
	EndGlobalSection
EndGlobal
