
Microsoft Visual Studio Solution File, Format Version 12.00
# Visual Studio Express 15 for Windows Desktop
VisualStudioVersion = 15.0.27703.2047
MinimumVisualStudioVersion = 10.0.40219.1
Project("{FAE04EC0-301F-11D3-BF4B-00C04F79EFBC}") = "Timers", "Timers\Timers.csproj", "{6BD047C9-4CB0-436C-9524-36AF4A15696B}"
EndProject
Global
	GlobalSection(SolutionConfigurationPlatforms) = preSolution
		Debug|Any CPU = Debug|Any CPU
		Release|Any CPU = Release|Any CPU
	EndGlobalSection
	GlobalSection(ProjectConfigurationPlatforms) = postSolution
		{6BD047C9-4CB0-436C-9524-36AF4A15696B}.Debug|Any CPU.ActiveCfg = Debug|Any CPU
		{6BD047C9-4CB0-436C-9524-36AF4A15696B}.Debug|Any CPU.Build.0 = Debug|Any CPU
		{6BD047C9-4CB0-436C-9524-36AF4A15696B}.Release|Any CPU.ActiveCfg = Release|Any CPU
		{6BD047C9-4CB0-436C-9524-36AF4A15696B}.Release|Any CPU.Build.0 = Release|Any CPU
	EndGlobalSection
	GlobalSection(SolutionProperties) = preSolution
		HideSolutionNode = FALSE
	EndGlobalSection
	GlobalSection(ExtensibilityGlobals) = postSolution
		SolutionGuid = {F89297A1-AF03-4CD8-8A84-45E50B136E15}
	EndGlobalSection
EndGlobal
