
Microsoft Visual Studio Solution File, Format Version 12.00
# Visual Studio Express 15 for Windows Desktop
VisualStudioVersion = 15.0.27703.2047
MinimumVisualStudioVersion = 10.0.40219.1
Project("{FAE04EC0-301F-11D3-BF4B-00C04F79EFBC}") = "Panels", "Panels\Panels.csproj", "{23A8AAC1-B9A0-4313-BE83-6449A3DB7DAA}"
EndProject
Global
	GlobalSection(SolutionConfigurationPlatforms) = preSolution
		Debug|Any CPU = Debug|Any CPU
		Release|Any CPU = Release|Any CPU
	EndGlobalSection
	GlobalSection(ProjectConfigurationPlatforms) = postSolution
		{23A8AAC1-B9A0-4313-BE83-6449A3DB7DAA}.Debug|Any CPU.ActiveCfg = Debug|Any CPU
		{23A8AAC1-B9A0-4313-BE83-6449A3DB7DAA}.Debug|Any CPU.Build.0 = Debug|Any CPU
		{23A8AAC1-B9A0-4313-BE83-6449A3DB7DAA}.Release|Any CPU.ActiveCfg = Release|Any CPU
		{23A8AAC1-B9A0-4313-BE83-6449A3DB7DAA}.Release|Any CPU.Build.0 = Release|Any CPU
	EndGlobalSection
	GlobalSection(SolutionProperties) = preSolution
		HideSolutionNode = FALSE
	EndGlobalSection
	GlobalSection(ExtensibilityGlobals) = postSolution
		SolutionGuid = {99928C2A-6CFC-4C2A-9E80-CA61BBE807C8}
	EndGlobalSection
EndGlobal
