
Microsoft Visual Studio Solution File, Format Version 12.00
# Visual Studio Express 15 for Windows Desktop
VisualStudioVersion = 15.0.27703.2047
MinimumVisualStudioVersion = 10.0.40219.1
Project("{FAE04EC0-301F-11D3-BF4B-00C04F79EFBC}") = "wf", "wf\wf.csproj", "{17C380BD-246F-4884-9FF4-1EA19633751B}"
EndProject
Global
	GlobalSection(SolutionConfigurationPlatforms) = preSolution
		Debug|Any CPU = Debug|Any CPU
		Release|Any CPU = Release|Any CPU
	EndGlobalSection
	GlobalSection(ProjectConfigurationPlatforms) = postSolution
		{17C380BD-246F-4884-9FF4-1EA19633751B}.Debug|Any CPU.ActiveCfg = Debug|Any CPU
		{17C380BD-246F-4884-9FF4-1EA19633751B}.Debug|Any CPU.Build.0 = Debug|Any CPU
		{17C380BD-246F-4884-9FF4-1EA19633751B}.Release|Any CPU.ActiveCfg = Release|Any CPU
		{17C380BD-246F-4884-9FF4-1EA19633751B}.Release|Any CPU.Build.0 = Release|Any CPU
	EndGlobalSection
	GlobalSection(SolutionProperties) = preSolution
		HideSolutionNode = FALSE
	EndGlobalSection
	GlobalSection(ExtensibilityGlobals) = postSolution
		SolutionGuid = {3D1DF0D8-E10F-46D6-B3B5-6D4330475E41}
	EndGlobalSection
EndGlobal
