
Microsoft Visual Studio Solution File, Format Version 12.00
# Visual Studio Express 15 for Windows Desktop
VisualStudioVersion = 15.0.27703.2047
MinimumVisualStudioVersion = 10.0.40219.1
Project("{FAE04EC0-301F-11D3-BF4B-00C04F79EFBC}") = "ToogleButton", "ToogleButton\ToogleButton.csproj", "{58E6E899-1D48-417E-BC92-B281978531A7}"
EndProject
Global
	GlobalSection(SolutionConfigurationPlatforms) = preSolution
		Debug|Any CPU = Debug|Any CPU
		Release|Any CPU = Release|Any CPU
	EndGlobalSection
	GlobalSection(ProjectConfigurationPlatforms) = postSolution
		{58E6E899-1D48-417E-BC92-B281978531A7}.Debug|Any CPU.ActiveCfg = Debug|Any CPU
		{58E6E899-1D48-417E-BC92-B281978531A7}.Debug|Any CPU.Build.0 = Debug|Any CPU
		{58E6E899-1D48-417E-BC92-B281978531A7}.Release|Any CPU.ActiveCfg = Release|Any CPU
		{58E6E899-1D48-417E-BC92-B281978531A7}.Release|Any CPU.Build.0 = Release|Any CPU
	EndGlobalSection
	GlobalSection(SolutionProperties) = preSolution
		HideSolutionNode = FALSE
	EndGlobalSection
	GlobalSection(ExtensibilityGlobals) = postSolution
		SolutionGuid = {4DCB191F-D847-426C-BADF-C040982B9B32}
	EndGlobalSection
EndGlobal
