
Microsoft Visual Studio Solution File, Format Version 12.00
# Visual Studio Express 15 for Windows Desktop
VisualStudioVersion = 15.0.27703.2047
MinimumVisualStudioVersion = 10.0.40219.1
Project("{FAE04EC0-301F-11D3-BF4B-00C04F79EFBC}") = "Calendar", "Calendar\Calendar.csproj", "{EEE59F6D-22D2-4B1E-850D-E761E204C85E}"
EndProject
Global
	GlobalSection(SolutionConfigurationPlatforms) = preSolution
		Debug|Any CPU = Debug|Any CPU
		Release|Any CPU = Release|Any CPU
	EndGlobalSection
	GlobalSection(ProjectConfigurationPlatforms) = postSolution
		{EEE59F6D-22D2-4B1E-850D-E761E204C85E}.Debug|Any CPU.ActiveCfg = Debug|Any CPU
		{EEE59F6D-22D2-4B1E-850D-E761E204C85E}.Debug|Any CPU.Build.0 = Debug|Any CPU
		{EEE59F6D-22D2-4B1E-850D-E761E204C85E}.Release|Any CPU.ActiveCfg = Release|Any CPU
		{EEE59F6D-22D2-4B1E-850D-E761E204C85E}.Release|Any CPU.Build.0 = Release|Any CPU
	EndGlobalSection
	GlobalSection(SolutionProperties) = preSolution
		HideSolutionNode = FALSE
	EndGlobalSection
	GlobalSection(ExtensibilityGlobals) = postSolution
		SolutionGuid = {1C977674-1413-41F3-8AAE-554E666FD0A4}
	EndGlobalSection
EndGlobal
